# THIS IS AN AUTOGENERATED FILE. DO NOT EDIT THIS FILE DIRECTLY.
# yarn lockfile v1


"@ckeditor/ckeditor5-adapter-ckfinder@^31.1.0":
  version "31.1.0"
  resolved "https://registry.yarnpkg.com/@ckeditor/ckeditor5-adapter-ckfinder/-/ckeditor5-adapter-ckfinder-31.1.0.tgz#d21bcedaaa5039033916629dd469947f685e1486"
  integrity sha512-KAXL4erWg9cL0+Xd4sBBSEQmbJERL5g0DsG/B1CB5bND6JRVPPzfpbQp7yAMK7xGdS5ObpmHhilHYW+/Ujl5jw==
  dependencies:
    ckeditor5 "^31.1.0"

"@ckeditor/ckeditor5-autoformat@^31.1.0":
  version "31.1.0"
  resolved "https://registry.yarnpkg.com/@ckeditor/ckeditor5-autoformat/-/ckeditor5-autoformat-31.1.0.tgz#448e1318c427c9e8d418e8de80f0de8bdaec0800"
  integrity sha512-77tNW5nqyG2RXErS7wChXr5syK2g/pLMsVzjbt/4yZJr86tJ6eEIlKEGNvJocP1a1uazy5QARXQlyZeY8zqp6w==
  dependencies:
    ckeditor5 "^31.1.0"

"@ckeditor/ckeditor5-basic-styles@^31.1.0":
  version "31.1.0"
  resolved "https://registry.yarnpkg.com/@ckeditor/ckeditor5-basic-styles/-/ckeditor5-basic-styles-31.1.0.tgz#2c454d62dad2d5e4c7297cc0a458b7064fdefac3"
  integrity sha512-NqxlHwAN14istEMpIYgwRHljs7DHvntWE9k9VxThNjSUeWedv5JmQgyMXnexXwm2GY/K4Sx1wT6/FrlVsJq4NQ==
  dependencies:
    ckeditor5 "^31.1.0"

"@ckeditor/ckeditor5-block-quote@^31.1.0":
  version "31.1.0"
  resolved "https://registry.yarnpkg.com/@ckeditor/ckeditor5-block-quote/-/ckeditor5-block-quote-31.1.0.tgz#1ac6abdb7a3585430a52322fa3862ac4f9c63337"
  integrity sha512-rdnNUItJmPZV1ipgMIkDYE+AW+g4TXlp/d52bUzsq+uyDpDg3YIuu81NrKWDOEaV6LYOh+ePeSbkqQivsEIjeQ==
  dependencies:
    ckeditor5 "^31.1.0"

"@ckeditor/ckeditor5-build-classic@^31.1.0":
  version "31.1.0"
  resolved "https://registry.yarnpkg.com/@ckeditor/ckeditor5-build-classic/-/ckeditor5-build-classic-31.1.0.tgz#e8342c3f383c02e5d8bcec0274100018ea347061"
  integrity sha512-g55K2CLOaLKb56OItEYafPhA9Zf8VqRmlXLYgUqJUJ0px0xrO82+G7vU7az9WJyjiW+nSkvusRBON9SZv1/Bdw==
  dependencies:
    "@ckeditor/ckeditor5-adapter-ckfinder" "^31.1.0"
    "@ckeditor/ckeditor5-autoformat" "^31.1.0"
    "@ckeditor/ckeditor5-basic-styles" "^31.1.0"
    "@ckeditor/ckeditor5-block-quote" "^31.1.0"
    "@ckeditor/ckeditor5-ckfinder" "^31.1.0"
    "@ckeditor/ckeditor5-cloud-services" "^31.1.0"
    "@ckeditor/ckeditor5-easy-image" "^31.1.0"
    "@ckeditor/ckeditor5-editor-classic" "^31.1.0"
    "@ckeditor/ckeditor5-essentials" "^31.1.0"
    "@ckeditor/ckeditor5-heading" "^31.1.0"
    "@ckeditor/ckeditor5-image" "^31.1.0"
    "@ckeditor/ckeditor5-indent" "^31.1.0"
    "@ckeditor/ckeditor5-link" "^31.1.0"
    "@ckeditor/ckeditor5-list" "^31.1.0"
    "@ckeditor/ckeditor5-media-embed" "^31.1.0"
    "@ckeditor/ckeditor5-paragraph" "^31.1.0"
    "@ckeditor/ckeditor5-paste-from-office" "^31.1.0"
    "@ckeditor/ckeditor5-table" "^31.1.0"
    "@ckeditor/ckeditor5-typing" "^31.1.0"

"@ckeditor/ckeditor5-ckfinder@^31.1.0":
  version "31.1.0"
  resolved "https://registry.yarnpkg.com/@ckeditor/ckeditor5-ckfinder/-/ckeditor5-ckfinder-31.1.0.tgz#c9b83417e667f05f034d4af9fccd676f45614cf2"
  integrity sha512-aFYWVbOabQ9p03E97QPV1t/mWla2rPA+9fXBIk4ug5+jcLOG6GNt+B/RTFG5QxxfgWJWh/I2C3UR82Ia8Kq29A==
  dependencies:
    ckeditor5 "^31.1.0"

"@ckeditor/ckeditor5-clipboard@^31.1.0":
  version "31.1.0"
  resolved "https://registry.yarnpkg.com/@ckeditor/ckeditor5-clipboard/-/ckeditor5-clipboard-31.1.0.tgz#2671692014e9e45507b866cdd389c916aa955b88"
  integrity sha512-rHvswGs4Q/ZiKPGk0J7+Nrb3mqNugKQFOXA7SSecOI9ZRt6hIxr4fgj4ccb8ceuHNr2vJNmTGC8jjKX7wGHPbw==
  dependencies:
    "@ckeditor/ckeditor5-core" "^31.1.0"
    "@ckeditor/ckeditor5-engine" "^31.1.0"
    "@ckeditor/ckeditor5-utils" "^31.1.0"
    "@ckeditor/ckeditor5-widget" "^31.1.0"
    lodash-es "^4.17.11"

"@ckeditor/ckeditor5-cloud-services@^31.1.0":
  version "31.1.0"
  resolved "https://registry.yarnpkg.com/@ckeditor/ckeditor5-cloud-services/-/ckeditor5-cloud-services-31.1.0.tgz#354b18424254fbf4e7de9604bbb31fd3cef5d8ae"
  integrity sha512-QTmADTvwnxx0FukZiTstCNYbf11La9Xarw61kv/W+g3JnkIGzguj3H4MJ2WYKLAuEZIr5czOATVRPvS11lFZNA==
  dependencies:
    ckeditor5 "^31.1.0"

"@ckeditor/ckeditor5-core@^31.1.0":
  version "31.1.0"
  resolved "https://registry.yarnpkg.com/@ckeditor/ckeditor5-core/-/ckeditor5-core-31.1.0.tgz#8c0d88a5f47aa66c2d75d5a6945f030b266b9f8b"
  integrity sha512-5BUosLrUliV2NZ9DAW48Za/4P3QWmwKMoHohCvq7Jq9Us6TQCnEKauUNexJFDAWqUAdN2WlqaVdSL+FmfhmzSA==
  dependencies:
    "@ckeditor/ckeditor5-engine" "^31.1.0"
    "@ckeditor/ckeditor5-ui" "^31.1.0"
    "@ckeditor/ckeditor5-utils" "^31.1.0"
    lodash-es "^4.17.15"

"@ckeditor/ckeditor5-easy-image@^31.1.0":
  version "31.1.0"
  resolved "https://registry.yarnpkg.com/@ckeditor/ckeditor5-easy-image/-/ckeditor5-easy-image-31.1.0.tgz#adebd166b55d1588d62a806a6cb66d8b5cb29759"
  integrity sha512-eS6VJw6b7baoS76m3oYpCmhjITKXYom5qAOOfvYyH0FOHLhU0iGJPj7Apy7NYNpj1/MlntBz5S3kz/j0HAbrtw==
  dependencies:
    ckeditor5 "^31.1.0"

"@ckeditor/ckeditor5-editor-classic@^31.1.0":
  version "31.1.0"
  resolved "https://registry.yarnpkg.com/@ckeditor/ckeditor5-editor-classic/-/ckeditor5-editor-classic-31.1.0.tgz#82b10d6f4d15c9186029aabd1dbb157c7cd97b5f"
  integrity sha512-DCwDBnjQ5vuD47JMmbuo193nb/hMW+mlHaHMBEy8lCWtfsUpqd6pG1mG5zCvTAX++8XDVFAjtdayANuQRej0jg==
  dependencies:
    ckeditor5 "^31.1.0"
    lodash-es "^4.17.15"

"@ckeditor/ckeditor5-engine@^31.1.0":
  version "31.1.0"
  resolved "https://registry.yarnpkg.com/@ckeditor/ckeditor5-engine/-/ckeditor5-engine-31.1.0.tgz#35cdc74224b20de506ae51618fa778c488439c68"
  integrity sha512-lHZjdKKeBWR4N2rk4rdnxDtdE3F1Q7Z2Ag2RgHG8GT3J6s2BNx/z++9GxhlCKPR3TQ70XWCLBLGXuFHXIvU0Kg==
  dependencies:
    "@ckeditor/ckeditor5-utils" "^31.1.0"
    lodash-es "^4.17.15"

"@ckeditor/ckeditor5-enter@^31.1.0":
  version "31.1.0"
  resolved "https://registry.yarnpkg.com/@ckeditor/ckeditor5-enter/-/ckeditor5-enter-31.1.0.tgz#9edda405fa0669fe8e5f299fec56bbba60773183"
  integrity sha512-9K5d12lCfvnUGESwxpu2UJCLsAaa40QR4JgVHKV0CZpERfcsvcF3XdM8cggS/Ovin2TBq1w+tXhOKbop5Why9Q==
  dependencies:
    "@ckeditor/ckeditor5-core" "^31.1.0"
    "@ckeditor/ckeditor5-engine" "^31.1.0"
    "@ckeditor/ckeditor5-utils" "^31.1.0"

"@ckeditor/ckeditor5-essentials@^31.1.0":
  version "31.1.0"
  resolved "https://registry.yarnpkg.com/@ckeditor/ckeditor5-essentials/-/ckeditor5-essentials-31.1.0.tgz#513d0e67ccf9c862ffaaaee80d48be68b6c2560c"
  integrity sha512-QXFDBHfovjJ5BtIh2YEi37Y3L3/5tvV3XB+W04vTyPP7fkK/kAf7+0I8XpQzW9v2OMQEPvCyeSBOHWXD2P4G2Q==
  dependencies:
    ckeditor5 "^31.1.0"

"@ckeditor/ckeditor5-heading@^31.1.0":
  version "31.1.0"
  resolved "https://registry.yarnpkg.com/@ckeditor/ckeditor5-heading/-/ckeditor5-heading-31.1.0.tgz#cc987ea27549567b1d1911cb9e01fcc9544cfb84"
  integrity sha512-KVRl0aTT/2XBOp/hVrVa2lq9/WXc78XMT2a2cnXPHcbH8hbE0jvBSSHK6HM4SrbM1Xjv+l02a9syluNMPK3PDg==
  dependencies:
    ckeditor5 "^31.1.0"

"@ckeditor/ckeditor5-image@^31.1.0":
  version "31.1.0"
  resolved "https://registry.yarnpkg.com/@ckeditor/ckeditor5-image/-/ckeditor5-image-31.1.0.tgz#d1f17f07ac7fd83b2f8ac75f6012fa0c94fd724b"
  integrity sha512-TvEVrq6fRazITt2CMU8rPLQPCW8DrP5tE/fyXsh1cwfFzPYKxyMqFrNb65GMSTFIVWgJ1RfWac9GLTMw6c1tRg==
  dependencies:
    "@ckeditor/ckeditor5-ui" "^31.1.0"
    ckeditor5 "^31.1.0"
    lodash-es "^4.17.15"

"@ckeditor/ckeditor5-indent@^31.1.0":
  version "31.1.0"
  resolved "https://registry.yarnpkg.com/@ckeditor/ckeditor5-indent/-/ckeditor5-indent-31.1.0.tgz#ce0422071a8b04b18bb5e35c3afb620d4107e773"
  integrity sha512-kHme0J60/y8NCD2VBkYPY0fb3ypx1FqlE1Dt+2rujd2d+boSbML72eAkDDhHODcBohUDyudjm8wflJSsadBbhw==
  dependencies:
    ckeditor5 "^31.1.0"

"@ckeditor/ckeditor5-link@^31.1.0":
  version "31.1.0"
  resolved "https://registry.yarnpkg.com/@ckeditor/ckeditor5-link/-/ckeditor5-link-31.1.0.tgz#dffd84b974d56ab0a9354738e8f600fac94cb7c5"
  integrity sha512-N81EmhslyZoDocbamYEXDsC2MJChSlG8N7ZsVd5+TGF2ZrGlY/5cczY/hEgJcs4CGMaXOboCGRZjGsQQ2Z4u0g==
  dependencies:
    "@ckeditor/ckeditor5-ui" "^31.1.0"
    ckeditor5 "^31.1.0"
    lodash-es "^4.17.15"

"@ckeditor/ckeditor5-list@^31.1.0":
  version "31.1.0"
  resolved "https://registry.yarnpkg.com/@ckeditor/ckeditor5-list/-/ckeditor5-list-31.1.0.tgz#0c8906ad30419c5f156c19b461555cdb8535637f"
  integrity sha512-/L/wsqeW4r7VF+HNDs58tXtSCIPODqlAJ82zMt3Pk5wx8BgXmFgguZ3RRZJdC3CyP6VZwfDMAzDNgU6H51+Tuw==
  dependencies:
    ckeditor5 "^31.1.0"

"@ckeditor/ckeditor5-media-embed@^31.1.0":
  version "31.1.0"
  resolved "https://registry.yarnpkg.com/@ckeditor/ckeditor5-media-embed/-/ckeditor5-media-embed-31.1.0.tgz#7c4a0c672d9ae00272245f68d4aa0db21aaf1bf8"
  integrity sha512-/MflPFvjWnbdL2Pv+MtgKQPubLYPdH/I2BUKQkRGPdFBhdfiC9fcZWC+JzGw+GQzs4jVcgjKrnaz0fGHlIpjtA==
  dependencies:
    "@ckeditor/ckeditor5-ui" "^31.1.0"
    ckeditor5 "^31.1.0"

"@ckeditor/ckeditor5-paragraph@^31.1.0":
  version "31.1.0"
  resolved "https://registry.yarnpkg.com/@ckeditor/ckeditor5-paragraph/-/ckeditor5-paragraph-31.1.0.tgz#a0b620d89033b440a63cfc5991cd005d9bdfc532"
  integrity sha512-rltzxwcKwR6mxZqomKLkrdLuVkkeKiESv7bweVY9VcPb7hk0BiLZcYkLqsOlfkZHWHWCiQ+5UDR8ctuaVmiUjg==
  dependencies:
    "@ckeditor/ckeditor5-core" "^31.1.0"
    "@ckeditor/ckeditor5-ui" "^31.1.0"
    "@ckeditor/ckeditor5-utils" "^31.1.0"

"@ckeditor/ckeditor5-paste-from-office@^31.1.0":
  version "31.1.0"
  resolved "https://registry.yarnpkg.com/@ckeditor/ckeditor5-paste-from-office/-/ckeditor5-paste-from-office-31.1.0.tgz#5b886144e6a3474009cdf1ec22de07ed27d41276"
  integrity sha512-2BUHw2KmX7+YjR1IqMAPMiiSf01SEK64CPCmnOdNgV1XcM3Kjc2svdFCslulW6gT8C3WNFPD+aeAyp4O9LLnGw==
  dependencies:
    ckeditor5 "^31.1.0"

"@ckeditor/ckeditor5-react@^3.0.3":
  version "3.0.3"
  resolved "https://registry.yarnpkg.com/@ckeditor/ckeditor5-react/-/ckeditor5-react-3.0.3.tgz#7b2d2634bd70a1efcb837dde5a9ac3ed2d839fbc"
  integrity sha512-Zaazd9Brg64v1Q2qQNtbfryWeVLzXWlNbswLsOYwNgvHlxroa8+F7ZE33M2O8zxcL6sQHZ1vCNkQOPRUBG8pqA==
  dependencies:
    prop-types "^15.7.2"

"@ckeditor/ckeditor5-select-all@^31.1.0":
  version "31.1.0"
  resolved "https://registry.yarnpkg.com/@ckeditor/ckeditor5-select-all/-/ckeditor5-select-all-31.1.0.tgz#d7272a45e126586df6c906cd3712d32a7c8b015f"
  integrity sha512-d6bTtuZLoBN61jPjbY562awfRYy+xhnCEIilsoRLb04mFNa6HnFs/mZtNIFqrm7dYZWSkJz9+1XwQouYW+kGqQ==
  dependencies:
    "@ckeditor/ckeditor5-core" "^31.1.0"
    "@ckeditor/ckeditor5-ui" "^31.1.0"
    "@ckeditor/ckeditor5-utils" "^31.1.0"

"@ckeditor/ckeditor5-table@^31.1.0":
  version "31.1.0"
  resolved "https://registry.yarnpkg.com/@ckeditor/ckeditor5-table/-/ckeditor5-table-31.1.0.tgz#532fa802c9d882235e2374a9c2198c537cd6d892"
  integrity sha512-GIVnraBOG5bPkF3KTV4anPIQo8CnMUkdwA3EYkdgpdOBSaaYYK4d66ej0OXCHSfKyJ+jwg9VoxVnQB/zZiCJLA==
  dependencies:
    ckeditor5 "^31.1.0"
    lodash-es "^4.17.15"

"@ckeditor/ckeditor5-typing@^31.1.0":
  version "31.1.0"
  resolved "https://registry.yarnpkg.com/@ckeditor/ckeditor5-typing/-/ckeditor5-typing-31.1.0.tgz#ce2c708d3ec283a9f16da0dd0dd6f7d82248ac5a"
  integrity sha512-juskFEb1YrXLS+wcLEnc3GZtqkq95Q13sNAAyvKaEXzNphy4PBv+odLAwP7KCrxifVf278bgVxGDV5GPPAenOA==
  dependencies:
    "@ckeditor/ckeditor5-core" "^31.1.0"
    "@ckeditor/ckeditor5-engine" "^31.1.0"
    "@ckeditor/ckeditor5-utils" "^31.1.0"
    lodash-es "^4.17.15"

"@ckeditor/ckeditor5-ui@^31.1.0":
  version "31.1.0"
  resolved "https://registry.yarnpkg.com/@ckeditor/ckeditor5-ui/-/ckeditor5-ui-31.1.0.tgz#c17fde1b6f7a787072eb1b0c0c629593565a45de"
  integrity sha512-fHBLsRK7XRxeewm1NH9idU4zUguhysQPEmEhqWOi+GRt2I0pYrc22GYNJF3yKMqp1LfiLi7GAT66X2RL9rCEaQ==
  dependencies:
    "@ckeditor/ckeditor5-core" "^31.1.0"
    "@ckeditor/ckeditor5-utils" "^31.1.0"
    lodash-es "^4.17.15"

"@ckeditor/ckeditor5-undo@^31.1.0":
  version "31.1.0"
  resolved "https://registry.yarnpkg.com/@ckeditor/ckeditor5-undo/-/ckeditor5-undo-31.1.0.tgz#910a110fd49e9c491793d7698a489e66e0a93294"
  integrity sha512-eNWEP9E5Ji2W7NU6vCKOqjYW0+/xwXGkiExboTApudJDT1IWu2hqoaVQ+3eEWHWJbqCxIRSHif6+uYEBIoInXg==
  dependencies:
    "@ckeditor/ckeditor5-core" "^31.1.0"
    "@ckeditor/ckeditor5-engine" "^31.1.0"
    "@ckeditor/ckeditor5-ui" "^31.1.0"

"@ckeditor/ckeditor5-upload@^31.1.0":
  version "31.1.0"
  resolved "https://registry.yarnpkg.com/@ckeditor/ckeditor5-upload/-/ckeditor5-upload-31.1.0.tgz#b8ac2633590b02a2f69ad93fc715625c08ecf0ee"
  integrity sha512-j+FNllYawZgTWCVOUSce/34SMfwgqNa2F7yvdmw4pmPSl8mlSZxSEYA9mLqbKpXwsuFY0iY14JQEB2bngNgTbA==
  dependencies:
    "@ckeditor/ckeditor5-core" "^31.1.0"
    "@ckeditor/ckeditor5-ui" "^31.1.0"
    "@ckeditor/ckeditor5-utils" "^31.1.0"

"@ckeditor/ckeditor5-utils@^31.1.0":
  version "31.1.0"
  resolved "https://registry.yarnpkg.com/@ckeditor/ckeditor5-utils/-/ckeditor5-utils-31.1.0.tgz#c3f4589df5c5ec8224c96dcf692e07d24ad31d7f"
  integrity sha512-l2C2m8uLxKTblXX6SY+k40tK9U4pFZ2WCYP1dc3B0qz5an+h7e5EqRz3kFs+MVw0HM6VCYWDFql/JZDAFonOmQ==
  dependencies:
    lodash-es "^4.17.15"

"@ckeditor/ckeditor5-widget@^31.1.0":
  version "31.1.0"
  resolved "https://registry.yarnpkg.com/@ckeditor/ckeditor5-widget/-/ckeditor5-widget-31.1.0.tgz#2c196e2f67f446b6f9231689b73faa822ff4f1d4"
  integrity sha512-e/B2qjgwXHuj/Qo+cGAM7j3NTPXvTikL+wjEF5sh5a0w5el9Sv97tzew5rojkZ6ypQykE+1ue+F579b74n7QiQ==
  dependencies:
    "@ckeditor/ckeditor5-core" "^31.1.0"
    "@ckeditor/ckeditor5-engine" "^31.1.0"
    "@ckeditor/ckeditor5-enter" "^31.1.0"
    "@ckeditor/ckeditor5-typing" "^31.1.0"
    "@ckeditor/ckeditor5-ui" "^31.1.0"
    "@ckeditor/ckeditor5-utils" "^31.1.0"
    lodash-es "^4.17.15"

ckeditor5@^31.1.0:
  version "31.1.0"
  resolved "https://registry.yarnpkg.com/ckeditor5/-/ckeditor5-31.1.0.tgz#abe8595e7cc64bd3e2b85cddfcab57caae3ecfef"
  integrity sha512-uuU5JNeiLFIv6oMtSmHdKOmgO8ZjqoSqV/rJWSpc9yxXbhjjs3Gdb6lbF9f0V5OCvQSIBCTtYVYllzfXAXMyqA==
  dependencies:
    "@ckeditor/ckeditor5-clipboard" "^31.1.0"
    "@ckeditor/ckeditor5-core" "^31.1.0"
    "@ckeditor/ckeditor5-engine" "^31.1.0"
    "@ckeditor/ckeditor5-enter" "^31.1.0"
    "@ckeditor/ckeditor5-paragraph" "^31.1.0"
    "@ckeditor/ckeditor5-select-all" "^31.1.0"
    "@ckeditor/ckeditor5-typing" "^31.1.0"
    "@ckeditor/ckeditor5-ui" "^31.1.0"
    "@ckeditor/ckeditor5-undo" "^31.1.0"
    "@ckeditor/ckeditor5-upload" "^31.1.0"
    "@ckeditor/ckeditor5-utils" "^31.1.0"
    "@ckeditor/ckeditor5-widget" "^31.1.0"

"js-tokens@^3.0.0 || ^4.0.0":
  version "4.0.0"
  resolved "https://registry.yarnpkg.com/js-tokens/-/js-tokens-4.0.0.tgz#19203fb59991df98e3a287050d4647cdeaf32499"
  integrity sha512-RdJUflcE3cUzKiMqQgsCu06FPu9UdIJO0beYbPhHN4k6apgJtifcoCtT9bcxOpYBtpD2kCM6Sbzg4CausW/PKQ==

lodash-es@^4.17.11, lodash-es@^4.17.15:
  version "4.17.21"
  resolved "https://registry.yarnpkg.com/lodash-es/-/lodash-es-4.17.21.tgz#43e626c46e6591b7750beb2b50117390c609e3ee"
  integrity sha512-mKnC+QJ9pWVzv+C4/U3rRsHapFfHvQFoFB92e52xeyGMcX6/OlIl78je1u8vePzYZSkkogMPJ2yjxxsb89cxyw==

loose-envify@^1.4.0:
  version "1.4.0"
  resolved "https://registry.yarnpkg.com/loose-envify/-/loose-envify-1.4.0.tgz#71ee51fa7be4caec1a63839f7e682d8132d30caf"
  integrity sha512-lyuxPGr/Wfhrlem2CL/UcnUc1zcqKAImBDzukY7Y5F/yQiNdko6+fRLevlw1HgMySw7f611UIY408EtxRSoK3Q==
  dependencies:
    js-tokens "^3.0.0 || ^4.0.0"

object-assign@^4.1.1:
  version "4.1.1"
  resolved "https://registry.yarnpkg.com/object-assign/-/object-assign-4.1.1.tgz#2109adc7965887cfc05cbbd442cac8bfbb360863"
  integrity sha1-IQmtx5ZYh8/AXLvUQsrIv7s2CGM=

prop-types@^15.7.2:
  version "15.8.1"
  resolved "https://registry.yarnpkg.com/prop-types/-/prop-types-15.8.1.tgz#67d87bf1a694f48435cf332c24af10214a3140b5"
  integrity sha512-oj87CgZICdulUohogVAR7AjlC0327U4el4L6eAvOqCeudMDVU0NThNaV+b9Df4dXgSP1gXMTnPdhfe/2qDH5cg==
  dependencies:
    loose-envify "^1.4.0"
    object-assign "^4.1.1"
    react-is "^16.13.1"

react-is@^16.13.1:
  version "16.13.1"
  resolved "https://registry.yarnpkg.com/react-is/-/react-is-16.13.1.tgz#789729a4dc36de2999dc156dd6c1d9c18cea56a4"
  integrity sha512-24e6ynE2H+OKt4kqsOvNd8kBpV65zoxbA4BVsEOB3ARVWQki/DHzaUoC5KuON/BiccDaCCTZBuOcfZs70kR8bQ==
